
Microsoft Visual Studio Solution File, Format Version 12.00
# Visual Studio Version 17
VisualStudioVersion = 17.3.32929.385
MinimumVisualStudioVersion = 10.0.40219.1
Project("{9A19103F-16F7-4668-BE54-9A1E7A4F7556}") = "LunazVehiclePartsTracker", "LunazVehiclePartsTracker\LunazVehiclePartsTracker.csproj", "{0E1BA23F-7D72-4DC4-9CCA-85906838E682}"
EndProject
Project("{9A19103F-16F7-4668-BE54-9A1E7A4F7556}") = "Stratus.Common.SAPB1Tools", "SAPB1Tools\Stratus.Common.SAPB1Tools.csproj", "{5387D87B-AB87-4661-B2E3-CCDBE7C427BE}"
EndProject
Global
	GlobalSection(SolutionConfigurationPlatforms) = preSolution
		Debug|Any CPU = Debug|Any CPU
		Release|Any CPU = Release|Any CPU
	EndGlobalSection
	GlobalSection(ProjectConfigurationPlatforms) = postSolution
		{0E1BA23F-7D72-4DC4-9CCA-85906838E682}.Debug|Any CPU.ActiveCfg = Debug|Any CPU
		{0E1BA23F-7D72-4DC4-9CCA-85906838E682}.Debug|Any CPU.Build.0 = Debug|Any CPU
		{0E1BA23F-7D72-4DC4-9CCA-85906838E682}.Release|Any CPU.ActiveCfg = Release|Any CPU
		{0E1BA23F-7D72-4DC4-9CCA-85906838E682}.Release|Any CPU.Build.0 = Release|Any CPU
		{5387D87B-AB87-4661-B2E3-CCDBE7C427BE}.Debug|Any CPU.ActiveCfg = Debug|Any CPU
		{5387D87B-AB87-4661-B2E3-CCDBE7C427BE}.Debug|Any CPU.Build.0 = Debug|Any CPU
		{5387D87B-AB87-4661-B2E3-CCDBE7C427BE}.Release|Any CPU.ActiveCfg = Release|Any CPU
		{5387D87B-AB87-4661-B2E3-CCDBE7C427BE}.Release|Any CPU.Build.0 = Release|Any CPU
	EndGlobalSection
	GlobalSection(SolutionProperties) = preSolution
		HideSolutionNode = FALSE
	EndGlobalSection
	GlobalSection(ExtensibilityGlobals) = postSolution
		SolutionGuid = {4E944BDA-0548-4582-9800-E7AF058914A1}
	EndGlobalSection
EndGlobal
